
Microsoft Visual Studio Solution File, Format Version 12.00
# Visual Studio 15
VisualStudioVersion = 15.0.28307.852
MinimumVisualStudioVersion = 10.0.40219.1
Project("{FAE04EC0-301F-11D3-BF4B-00C04F79EFBC}") = "Bank", "ExampleTest\Bank.csproj", "{FBAEFC90-A186-4095-B35B-7C3F95F713AA}"
EndProject
Project("{FAE04EC0-301F-11D3-BF4B-00C04F79EFBC}") = "BankTests", "BankTests\BankTests.csproj", "{C26BBE47-A7F9-4DCC-847B-AA9EE03831A1}"
EndProject
Global
	GlobalSection(SolutionConfigurationPlatforms) = preSolution
		Debug|Any CPU = Debug|Any CPU
		Release|Any CPU = Release|Any CPU
	EndGlobalSection
	GlobalSection(ProjectConfigurationPlatforms) = postSolution
		{FBAEFC90-A186-4095-B35B-7C3F95F713AA}.Debug|Any CPU.ActiveCfg = Debug|Any CPU
		{FBAEFC90-A186-4095-B35B-7C3F95F713AA}.Debug|Any CPU.Build.0 = Debug|Any CPU
		{FBAEFC90-A186-4095-B35B-7C3F95F713AA}.Release|Any CPU.ActiveCfg = Release|Any CPU
		{FBAEFC90-A186-4095-B35B-7C3F95F713AA}.Release|Any CPU.Build.0 = Release|Any CPU
		{C26BBE47-A7F9-4DCC-847B-AA9EE03831A1}.Debug|Any CPU.ActiveCfg = Debug|Any CPU
		{C26BBE47-A7F9-4DCC-847B-AA9EE03831A1}.Debug|Any CPU.Build.0 = Debug|Any CPU
		{C26BBE47-A7F9-4DCC-847B-AA9EE03831A1}.Release|Any CPU.ActiveCfg = Release|Any CPU
		{C26BBE47-A7F9-4DCC-847B-AA9EE03831A1}.Release|Any CPU.Build.0 = Release|Any CPU
	EndGlobalSection
	GlobalSection(SolutionProperties) = preSolution
		HideSolutionNode = FALSE
	EndGlobalSection
	GlobalSection(ExtensibilityGlobals) = postSolution
		SolutionGuid = {FF299EE9-F864-4927-BE45-CD05BBAA6F4E}
	EndGlobalSection
EndGlobal
